7zip-26.02
ImageMagick-7.1.2.27
ImageMagick-libs-7.1.2.27
LCEVCdec-4.2.1
LibRaw-0.22.2
ModemManager-1.24.2
ModemManager-glib-1.24.2
NetworkManager-1.56.1
NetworkManager-bluetooth-1.56.1
NetworkManager-config-connectivity-fedora-1.56.1
NetworkManager-libnm-1.56.1
NetworkManager-wifi-1.56.1
NetworkManager-wwan-1.56.1
OpenCL-ICD-Loader-3.0.6
SDL2_Pango-2.1.5
SDL2_gfx-1.0.4
SDL2_image-2.8.12
SDL2_mixer-2.8.1
SDL2_ttf-2.24.0
SDL3-3.4.14
SDL_Pango-0.1.2
SDL_image-1.2.12
SDL_mixer-1.2.12
SDL_net-1.2.8
aardvark-dns-1.17.1
abattis-cantarell-fonts-0.301
abattis-cantarell-vf-fonts-0.301
abseil-cpp-20260107.1
accountsservice-23.13.9
accountsservice-libs-23.13.9
acl-2.4.0
adobe-mappings-cmap-20231115
adobe-mappings-cmap-deprecated-20231115
adobe-mappings-pdf-20190401
adwaita-cursor-theme-50.0
adwaita-icon-theme-50.0
adwaita-icon-theme-legacy-46.2
adwaita-mono-fonts-50.0
adwaita-sans-fonts-50.0
alsa-firmware-1.2.4
alsa-lib-1.2.16.1
alsa-sof-firmware-2025.12.2
alsa-tools-firmware-1.2.15
alsa-ucm-1.2.16.1
alsa-utils-1.2.16
alternatives-1.33
amd-gpu-firmware-20260810
amd-ucode-firmware-20260810
anthy-unicode-1.0.0.20260213
antiword-0.37
appstream-1.1.3
apr-1.7.6
apr-util-1.6.5
apr-util-lmdb-1.6.5
apr-util-openssl-1.6.5
aribb24-1.0.3^20160216git5e9be27
assimp-6.0.5
at-spi2-atk-2.60.6
at-spi2-core-2.60.6
atheros-firmware-20260810
atk-2.60.6
atkinson-hyperlegible-mono-fonts-2.100
atkinson-hyperlegible-next-fonts-2.100
attr-2.6.0
audit-4.2.1
audit-libs-4.2.1
audit-rules-4.2.1
authselect-1.7.1
authselect-libs-1.7.1
avahi-0.9~rc2
avahi-glib-0.9~rc2
avahi-gobject-0.9~rc2
avahi-libs-0.9~rc2
avahi-tools-0.9~rc2
b43-fwcutter-020
b43-openfwwf-5.2
bash-5.3.9
bash-color-prompt-0.7.1
bash-completion-2.17
bc-1.08.2
bind-libs-9.18.50
bind-utils-9.18.50
blinken-26.08.0
bluez-5.87
bluez-cups-5.87
bluez-libs-5.87
bluez-obexd-5.87
bolt-0.9.11
boost-atomic-1.90.0
boost-chrono-1.90.0
boost-container-1.90.0
boost-date-time-1.90.0
boost-filesystem-1.90.0
boost-thread-1.90.0
bootc-1.16.7
bootupd-0.2.35
braille-printer-app-2.0~b0^386eea385f
brcmfmac-firmware-20260810
breeze-icon-theme-6.29.0
brlapi-0.8.7
brltty-6.8
btrfs-progs-7.1
bubblewrap-0.11.0
buildah-1.43.2
bzip2-1.0.8
bzip2-libs-1.0.8
c-ares-1.34.8
c2esp-2.7
ca-certificates-2025.2.80_v9.0.304
cairo-1.18.4
cairo-gobject-1.18.4
cairomm1.16-1.18.0
capstone-5.0.6
catatonit-0.2.1
cdparanoia-libs-10.2
checkpolicy-3.11
chrony-4.8
cifs-utils-7.6
cifs-utils-info-7.6
cirrus-audio-firmware-20260810
cjson-1.7.19
cldr-emoji-annotation-48.2
cldr-emoji-annotation-dtd-48.2
cmake-filesystem-4.3.0
codec2-1.2.0
color-filesystem-1
colord-1.4.8
colord-gtk4-0.3.1
colord-libs-1.4.8
composefs-1.0.8
composefs-libs-1.0.8
compsize-1.5^git20250123.d79eacf
conmon-2.2.1
container-selinux-2.250.0
containers-common-0.67.0
containers-common-extra-0.67.0
coreutils-9.10
coreutils-common-9.10
cosign-3.1.3
cpio-2.15
cpp-16.2.1
cracklib-2.10.3
cracklib-dicts-2.10.3
criu-4.2.1
criu-libs-4.2.1
crun-1.28
crypto-policies-20251128
crypto-policies-scripts-20251128
cryptsetup-2.8.7
cryptsetup-libs-2.8.7
cups-2.4.19
cups-client-2.4.19
cups-filesystem-2.4.19
cups-filters-2.0.1
cups-filters-driverless-2.0.1
cups-ipptool-2.4.19
cups-libs-2.4.19
cups-pk-helper-0.2.7
curl-8.18.0
cyrus-sasl-gssapi-2.1.28
cyrus-sasl-lib-2.1.28
cyrus-sasl-plain-2.1.28
davs2-libs-1.7^20220903gitb41cf11
dbus-1.16.2
dbus-broker-37
dbus-common-1.16.2
dbus-libs-1.16.2
dconf-0.49.0
default-editor-8.7.1
default-fonts-am-4.3
default-fonts-ar-4.3
default-fonts-as-4.3
default-fonts-ast-4.3
default-fonts-be-4.3
default-fonts-bg-4.3
default-fonts-bn-4.3
default-fonts-bo-4.3
default-fonts-br-4.3
default-fonts-chr-4.3
default-fonts-cjk-mono-4.3
default-fonts-cjk-serif-4.3
default-fonts-core-emoji-4.3
default-fonts-core-math-4.3
default-fonts-core-mono-4.3
default-fonts-core-sans-4.3
default-fonts-core-serif-4.3
default-fonts-dv-4.3
default-fonts-dz-4.3
default-fonts-el-4.3
default-fonts-eo-4.3
default-fonts-eu-4.3
default-fonts-fa-4.3
default-fonts-got-4.3
default-fonts-gu-4.3
default-fonts-he-4.3
default-fonts-hi-4.3
default-fonts-hy-4.3
default-fonts-ia-4.3
default-fonts-ii-4.3
default-fonts-iu-4.3
default-fonts-ka-4.3
default-fonts-kab-4.3
default-fonts-km-4.3
default-fonts-kn-4.3
default-fonts-ku-4.3
default-fonts-lo-4.3
default-fonts-mai-4.3
default-fonts-ml-4.3
default-fonts-mni-4.3
default-fonts-mr-4.3
default-fonts-my-4.3
default-fonts-nb-4.3
default-fonts-ne-4.3
default-fonts-nn-4.3
default-fonts-nqo-4.3
default-fonts-nr-4.3
default-fonts-nso-4.3
default-fonts-or-4.3
default-fonts-other-mono-4.3
default-fonts-other-sans-4.3
default-fonts-other-serif-4.3
default-fonts-pa-4.3
default-fonts-ru-4.3
default-fonts-sat-4.3
default-fonts-si-4.3
default-fonts-ss-4.3
default-fonts-syr-4.3
default-fonts-ta-4.3
default-fonts-te-4.3
default-fonts-th-4.3
default-fonts-tn-4.3
default-fonts-ts-4.3
default-fonts-uk-4.3
default-fonts-ur-4.3
default-fonts-ve-4.3
default-fonts-vi-4.3
default-fonts-xh-4.3
default-fonts-yi-4.3
default-fonts-zu-4.3
desktop-file-utils-0.28
device-mapper-1.02.212
device-mapper-event-1.02.212
device-mapper-event-libs-1.02.212
device-mapper-libs-1.02.212
device-mapper-persistent-data-1.3.3
diffutils-3.12
distribution-gpg-keys-1.121
distrobox-1.8.2.5
dmidecode-3.7
dnf5-5.4.2.1
dnf5-plugins-5.4.2.1
dns-root-data-2026260100
dnsmasq-2.92rel2
docbook-dtds-1.0
docbook-style-xsl-1.79.2
docopt-cpp-0.6.3
dosfstools-4.2
dotconf-1.4.1
double-conversion-3.4.0
dracut-108
duktape-2.7.0
dymo-cups-drivers-1.4.0.5
e2fsprogs-1.47.3
e2fsprogs-libs-1.47.3
efi-filesystem-6
efibootmgr-18
efivar-libs-39
elfutils-debuginfod-client-0.195
elfutils-default-yama-scope-0.195
elfutils-libelf-0.195
elfutils-libs-0.195
emacs-filesystem-30.2
enchant2-2.8.19
espeak-ng-1.52.0
ethtool-7.1
evolution-data-server-3.60.2
evolution-data-server-langpacks-3.60.2
evolution-ews-core-3.60.2
evolution-ews-langpacks-3.60.2
exempi-2.6.4
exfatprogs-1.4.3
exiv2-0.28.6
exiv2-libs-0.28.6
expat-2.8.1
f2fs-tools-1.16.0
faad2-libs-2.11.2
fedora-bookmarks-28
fedora-chromium-config-3.0
fedora-gpg-keys-44
fedora-logos-42.0.1
fedora-release-44
fedora-release-common-44
fedora-release-identity-basic-44
fedora-release-ostree-desktop-44
fedora-repos-44
fedora-repos-archive-44
fedora-workstation-backgrounds-1.6
ffmpeg-8.1.2
ffmpeg-libs-8.1.2
ffmpegthumbnailer-2.3.0
ffmpegthumbnailer-libs-2.3.0
fftw-libs-double-3.3.10
fftw-libs-single-3.3.10
file-5.46
file-libs-5.46
filesystem-3.18
findutils-4.10.0
firewalld-2.4.4
firewalld-filesystem-2.4.4
flac-libs-1.5.0
flatpak-1.18.1
flatpak-libs-1.18.1
flatpak-selinux-1.18.1
flatpak-session-helper-1.18.1
flatpak-spawn-1.0.6
flite-2.2
fluidsynth-2.5.4
fluidsynth-libs-2.5.4
fmt-11.2.0
fontconfig-2.17.0
fonts-filesystem-5.0.0
fpaste-0.5.0.0
freeglut-3.8.0
freetype-2.14.3
fribidi-1.0.16
fstrm-0.6.1
fuse-2.9.9
fuse-common-3.18.2
fuse-overlayfs-1.17
fuse3-3.18.2
fuse3-libs-3.18.2
fwupd-2.1.7
fwupd-efi-1.8
fwupd-plugin-modem-manager-2.1.7
fwupd-plugin-uefi-capsule-data-2.1.7
fxload-2008_10_13
fzf-0.74.2
game-music-emu-0.6.4
gamemode-1.8.2
gawk-5.3.2
gawk-all-langpacks-5.3.2
gcompris-qt-26.1
gcompris-qt-activities-26.1
gcr-4.4.0.1
gcr-libs-4.4.0.1
gcr3-3.41.1
gcr3-base-3.41.1
gd-2.3.3
gdbm-1.23
gdbm-libs-1.23
gdk-pixbuf2-2.44.4
gdm-50.2
gdouros-symbola-fonts-10.24
geoclue2-2.8.2
geoclue2-libs-2.8.2
geocode-glib-3.26.4
gettext-0.26
gettext-envsubst-0.26
gettext-libs-0.26
gettext-runtime-0.26
ghostscript-10.06.0
ghostscript-tools-fontutils-10.06.0
ghostscript-tools-printing-10.06.0
giflib-6.1.3
git-core-2.55.0
git-core-doc-2.55.0
gjs-1.88.1
glfw-3.4
glib-networking-2.80.1
glib2-2.88.3
glibc-2.43
glibc-all-langpacks-2.43
glibc-common-2.43
glibc-gconv-extra-2.43
glibmm2.68-2.88.1
glx-utils-9.0.0
glycin-gtk4-libs-2.1.5
glycin-libs-2.1.5
glycin-loaders-2.1.5
glycin-thumbnailer-2.1.5
gmp-6.3.0
gnome-autoar-0.4.5
gnome-bluetooth-47.2
gnome-bluetooth-libs-47.2
gnome-control-center-50.4
gnome-control-center-filesystem-50.4
gnome-desktop3-44.5
gnome-desktop4-44.5
gnome-keyring-50.0
gnome-keyring-pam-50.0
gnome-kiosk-50.1
gnome-kiosk-a11y-50.1
gnome-online-accounts-3.58.1
gnome-online-accounts-libs-3.58.1
gnome-session-50.1
gnome-session-wayland-session-50.1
gnome-settings-daemon-50.1
gnome-shell-50.4
gnome-shell-common-50.4
gnulib-l10n-20241231
gnupg2-2.4.9
gnupg2-dirmngr-2.4.9
gnupg2-gpg-agent-2.4.9
gnupg2-gpgconf-2.4.9
gnupg2-keyboxd-2.4.9
gnupg2-scdaemon-2.4.9
gnupg2-verify-2.4.9
gnutls-3.8.13
gnutls-dane-3.8.13
gobject-introspection-1.86.0
google-droid-sans-fonts-20200215
google-noto-color-emoji-fonts-20250623
google-noto-emoji-fonts-20250623
google-noto-fonts-common-20251201
google-noto-naskh-arabic-vf-fonts-20251201
google-noto-sans-arabic-vf-fonts-20251201
google-noto-sans-armenian-vf-fonts-20251201
google-noto-sans-balinese-fonts-20251201
google-noto-sans-bengali-vf-fonts-20251201
google-noto-sans-canadian-aboriginal-vf-fonts-20251201
google-noto-sans-cherokee-vf-fonts-20251201
google-noto-sans-cjk-fonts-2.004
google-noto-sans-devanagari-vf-fonts-20251201
google-noto-sans-ethiopic-vf-fonts-20251201
google-noto-sans-georgian-vf-fonts-20251201
google-noto-sans-gothic-fonts-20251201
google-noto-sans-gujarati-vf-fonts-20251201
google-noto-sans-gurmukhi-vf-fonts-20251201
google-noto-sans-hebrew-vf-fonts-20251201
google-noto-sans-javanese-fonts-20251201
google-noto-sans-kannada-vf-fonts-20251201
google-noto-sans-khmer-vf-fonts-20251201
google-noto-sans-lao-vf-fonts-20251201
google-noto-sans-math-fonts-20251201
google-noto-sans-meetei-mayek-vf-fonts-20251201
google-noto-sans-mono-cjk-vf-fonts-2.004
google-noto-sans-mono-vf-fonts-20251201
google-noto-sans-nko-fonts-20251201
google-noto-sans-ol-chiki-vf-fonts-20251201
google-noto-sans-oriya-vf-fonts-20251201
google-noto-sans-sinhala-vf-fonts-20251201
google-noto-sans-sundanese-fonts-20251201
google-noto-sans-symbols-2-fonts-20251201
google-noto-sans-symbols-vf-fonts-20251201
google-noto-sans-syriac-vf-fonts-20251201
google-noto-sans-tamil-vf-fonts-20251201
google-noto-sans-telugu-vf-fonts-20251201
google-noto-sans-thaana-vf-fonts-20251201
google-noto-sans-thai-vf-fonts-20251201
google-noto-sans-vf-fonts-20251201
google-noto-sans-yi-fonts-20251201
google-noto-serif-armenian-vf-fonts-20251201
google-noto-serif-bengali-vf-fonts-20251201
google-noto-serif-cjk-vf-fonts-2.003
google-noto-serif-devanagari-vf-fonts-20251201
google-noto-serif-ethiopic-vf-fonts-20251201
google-noto-serif-georgian-vf-fonts-20251201
google-noto-serif-gujarati-vf-fonts-20251201
google-noto-serif-gurmukhi-vf-fonts-20251201
google-noto-serif-hebrew-vf-fonts-20251201
google-noto-serif-kannada-vf-fonts-20251201
google-noto-serif-khmer-vf-fonts-20251201
google-noto-serif-lao-vf-fonts-20251201
google-noto-serif-oriya-vf-fonts-20251201
google-noto-serif-sinhala-vf-fonts-20251201
google-noto-serif-tamil-vf-fonts-20251201
google-noto-serif-telugu-vf-fonts-20251201
google-noto-serif-thai-vf-fonts-20251201
google-noto-serif-vf-fonts-20251201
gpg-pubkey-0c5d0f470484ae2fc40a9b6597f3008993e8909b
gpg-pubkey-36f612dcf27f7d1a48a835e4dbfcf71c6d9f90a6
gpg-pubkey-ab4670779555943799be7ed916bc8535a444a78a
gpgme-2.0.1
gpgmepp-2.0.1
gpm-libs-1.20.7
graphene-1.10.8
graphite2-1.3.14
graphviz-libs-14.1.4
greenboot-0.16.3
grep-3.12
groff-base-1.23.0
grub2-common-2.12
grub2-efi-ia32-2.12
grub2-efi-x64-2.12
grub2-pc-2.12
grub2-pc-modules-2.12
grub2-tools-2.12
grub2-tools-extra-2.12
grub2-tools-minimal-2.12
gsettings-desktop-schemas-50.1
gsm-1.0.24
gsound-1.0.3
gssdp-1.6.6
gssproxy-0.9.2
gst-thumbnailers-1.0.0
gstreamer1-1.28.6
gstreamer1-plugin-dav1d-0.15.0
gstreamer1-plugin-libav-1.28.6
gstreamer1-plugins-bad-free-1.28.6
gstreamer1-plugins-bad-free-libs-1.28.6
gstreamer1-plugins-base-1.28.6
gstreamer1-plugins-good-1.28.6
gstreamer1-plugins-good-qt6-1.28.6
gstreamer1-plugins-ugly-free-1.28.6
gtk-update-icon-cache-3.24.52
gtk3-3.24.52
gtk4-4.22.4
gtkmm4.0-4.22.0
gupnp-1.6.10
gupnp-igd-1.6.0
gutenprint-5.3.5
gutenprint-cups-5.3.5
gutenprint-libs-5.3.5
gvfs-1.60.2
gvfs-client-1.60.2
gvfs-fuse-1.60.2
gvfs-goa-1.60.2
gweather-locations-2026.2
gweather-locations-common-2026.2
gzip-1.14
harfbuzz-14.1.0
harfbuzz-icu-14.1.0
hdparm-9.65
hfsplus-tools-540.1.linux3
hicolor-icon-theme-0.18
hidapi-0.15.0
highway-1.3.0
hiredis-1.2.0
hostname-3.25
hplip-3.26.4
hplip-common-3.26.4
hplip-libs-3.26.4
htop-3.4.1
hunspell-1.7.3
hunspell-en-0.20260225
hunspell-en-AU-0.20260225
hunspell-en-CA-0.20260225
hunspell-en-GB-0.20260225
hunspell-en-US-0.20260225
hunspell-filesystem-1.7.3
hwdata-0.410
hwloc-libs-2.14.0
hyperv-daemons-6.10
hyperv-daemons-license-6.10
hypervfcopyd-6.10
hypervkvpd-6.10
hypervvssd-6.10
hyphen-2.8.8
ibus-1.5.34
ibus-anthy-1.5.18
ibus-anthy-python-1.5.18
ibus-chewing-2.1.7
ibus-gtk3-1.5.34
ibus-gtk4-1.5.34
ibus-hangul-1.5.5
ibus-libpinyin-1.16.5
ibus-libs-1.5.34
ibus-m17n-1.4.39
ibus-setup-1.5.34
ibus-typing-booster-2.30.11
iio-sensor-proxy-3.8
ilbc-3.0.4
ima-evm-utils-libs-1.6.2
imath-3.1.12
info-7.2
inih-62
inih-cpp-62
initscripts-service-10.27
intel-audio-firmware-20260810
intel-gmmlib-22.10.0
intel-gpu-firmware-20260810
intel-lpmd-0.1.0
intel-mediasdk-23.2.2
intel-vaapi-driver-2.4.1
intel-vpl-gpu-rt-26.1.6
intel-vsc-firmware-20260810
ipp-usb-0.9.34
iproute-6.17.0
ipset-7.24
ipset-libs-7.24
iptables-libs-1.8.11
iptables-nft-1.8.11
iptstate-2.3.0
iputils-20250605
iso-codes-4.20.1
iw-6.17
iwlegacy-firmware-20260810
iwlwifi-dvm-firmware-20260810
iwlwifi-mld-firmware-20260810
iwlwifi-mvm-firmware-20260810
jansson-2.14
jasper-libs-4.2.8
javascriptcoregtk4.1-2.52.5
javascriptcoregtk6.0-2.52.5
jbig2dec-libs-0.20
jbigkit-libs-2.1
jomolhari-fonts-0.003
jq-1.8.1
json-c-0.18
json-glib-1.10.8
jsoncpp-1.9.6
just-1.57.0
kasumi-common-2.5
kasumi-unicode-2.5
kbd-2.9.0
kbd-legacy-2.9.0
kbd-misc-2.9.0
kde-filesystem-5
kdsoap-ws-discovery-client-0.4.0
kdsoap6-2.2.0
kernel-7.1.8
kernel-core-7.1.8
kernel-modules-7.1.8
kernel-modules-core-7.1.8
kernel-modules-extra-7.1.8
kernel-tools-7.1.9
kernel-tools-libs-7.1.9
keyutils-1.6.3
keyutils-libs-1.6.3
kf6-attica-6.29.0
kf6-breeze-icons-6.29.0
kf6-filesystem-6.29.0
kf6-karchive-6.29.0
kf6-kbookmarks-6.29.0
kf6-kcmutils-6.29.0
kf6-kcodecs-6.29.0
kf6-kcolorscheme-6.29.0
kf6-kcompletion-6.29.0
kf6-kconfig-6.29.0
kf6-kconfigwidgets-6.29.0
kf6-kcoreaddons-6.29.0
kf6-kcrash-6.29.0
kf6-kdbusaddons-6.29.0
kf6-kdnssd-6.29.0
kf6-kdoctools-6.29.0
kf6-kglobalaccel-6.29.0
kf6-kguiaddons-6.29.0
kf6-ki18n-6.29.0
kf6-kiconthemes-6.29.0
kf6-kio-core-6.29.0
kf6-kio-core-libs-6.29.0
kf6-kio-doc-6.29.0
kf6-kio-file-widgets-6.29.0
kf6-kio-gui-6.29.0
kf6-kio-widgets-6.29.0
kf6-kio-widgets-libs-6.29.0
kf6-kirigami-6.29.0
kf6-kitemviews-6.29.0
kf6-kjobwidgets-6.29.0
kf6-knewstuff-6.29.0
kf6-knotifications-6.29.0
kf6-kpackage-6.29.0
kf6-kservice-6.29.0
kf6-ktextwidgets-6.29.0
kf6-kwallet-6.29.0
kf6-kwallet-libs-6.29.0
kf6-kwidgetsaddons-6.29.0
kf6-kwindowsystem-6.29.0
kf6-kxmlgui-6.29.0
kf6-solid-6.29.0
kf6-sonnet-6.29.0
kf6-sonnet-hunspell-6.29.0
kf6-syndication-6.29.0
kf6-syntax-highlighting-6.29.0
kio-extras-26.08.0
kiwix-tools-3.8.1
klettres-26.08.0
kmod-34.2
kmod-libs-34.2
kolf-26.08.0
kpartx-0.13.1
krb5-libs-1.22.2
ktuberling-26.08.0
kvazaar-libs-2.3.2
kyotocabinet-libs-1.2.80
lame-libs-3.100
langpacks-core-en-4.3
langpacks-en-4.3
langpacks-fonts-en-4.3
langtable-0.0.71
lcms2-2.16
leptonica-1.87.0
less-704
libGLEW-2.2.0
libICE-1.1.2
libSM-1.2.5
libX11-1.8.13
libX11-common-1.8.13
libX11-xcb-1.8.13
libXau-1.0.12
libXcomposite-0.4.6
libXcursor-1.2.3
libXdamage-1.1.6
libXdmcp-1.1.5
libXext-1.3.6
libXfixes-6.0.1
libXfont2-2.0.9
libXft-2.3.8
libXi-1.8.3
libXinerama-1.1.5
libXmu-1.2.1
libXpm-3.5.17
libXrandr-1.5.4
libXrender-0.9.12
libXres-1.2.2
libXt-1.3.1
libXtst-1.2.5
libXv-1.0.13
libXxf86vm-1.1.6
liba52-0.7.4
libacl-2.4.0
libadwaita-1.9.3
libaio-0.3.111
libao-1.2.0
libaom-3.13.3
libarchive-3.8.7
libaribcaption-1.1.1
libass-0.17.4
libassuan-2.5.7
libasyncns-0.8
libatasmart-0.19
libatomic-16.2.1
libattr-2.6.0
libavc1394-0.5.4
libavcodec-8.1.2
libavdevice-8.1.2
libavfilter-8.1.2
libavformat-8.1.2
libavif-1.3.0
libavutil-8.1.2
libb2-0.98.1
libbabeltrace-1.5.11
libbasicobjects-0.1.1
libblkid-2.41.5
libblockdev-3.5.0
libblockdev-crypto-3.5.0
libblockdev-fs-3.5.0
libblockdev-loop-3.5.0
libblockdev-mdraid-3.5.0
libblockdev-nvme-3.5.0
libblockdev-part-3.5.0
libblockdev-smart-3.5.0
libblockdev-swap-3.5.0
libblockdev-utils-3.5.0
libbluray-1.4.0
libbpf-1.6.3
libbrotli-1.2.0
libbs2b-3.1.0
libbsd-0.12.2
libbytesize-2.12
libcaca-0.99
libcamera-0.7.1
libcamera-gstreamer-0.7.1
libcamera-ipa-0.7.1
libcamera-tools-0.7.1
libcanberra-0.30
libcanberra-gtk3-0.30
libcap-2.78
libcap-ng-0.9.3
libcap-ng-python3-0.9.3
libcbor-0.13.0
libcdio-2.3.0
libcdio-paranoia-10.2+2.0.2
libchewing-0.13.1
libchromaprint-1.6.0
libcloudproviders-0.4.0
libcollection-0.7.0
libcom_err-1.47.3
libcue-2.3.0
libcupsfilters-2.1.1
libcurl-minimal-8.18.0
libdaemon-0.14
libdatrie-0.2.14
libdav1d-1.5.3
libdc1394-2.2.7
libde265-1.1.1
libdecor-0.2.5
libdeflate-1.25
libdhash-0.5.0
libdisplay-info-0.3.0
libdnf5-5.4.2.1
libdnf5-cli-5.4.2.1
libdnf5-plugin-expired-pgp-keys-5.4.2.1
libdovi-3.3.2
libdrm-2.4.134
libdvdnav-7.0.0
libdvdread-7.0.1
libebur128-1.2.6
libeconf-0.7.9
libedit-3.1
libei-1.6.0
libeis-1.6.0
libepoxy-1.5.10
liberation-mono-fonts-2.1.5
liberation-sans-fonts-2.1.5
liberation-serif-fonts-2.1.5
libertas-firmware-20260810
libev-4.33
libevdev-1.13.7
libevent-2.1.12
libexif-0.6.26
libfdisk-2.41.5
libfdk-aac-2.0.3
libffi-3.5.2
libfido2-1.16.0
libfontenc-1.1.8
libfreeaptx-0.2.2
libfsverity-1.6
libfyaml-0.8
libgcc-16.1.1
libgcrypt-1.12.2
libgexiv2-0.16.2
libglvnd-1.7.0
libglvnd-egl-1.7.0
libglvnd-gles-1.7.0
libglvnd-glx-1.7.0
libglvnd-opengl-1.7.0
libgomp-16.1.1
libgpg-error-1.58
libgphoto2-2.5.33
libgs-10.06.0
libgsf-1.14.58
libgtop2-2.41.3
libgudev-238
libgusb-0.4.9
libgweather-4.6.0
libgxps-0.3.2
libhangul-0.2.0
libheif-1.21.2
libibverbs-61.0
libical-3.0.20
libical-glib-3.0.20
libicu-77.1
libidn2-2.3.8
libiec61883-1.2.0
libieee1284-0.2.11
libijs-0.35
libimagequant-4.1.0
libimobiledevice-1.4.0
libimobiledevice-glue-1.3.2
libimobiledevice-utils-1.4.0
libini_config-1.3.1
libinput-1.31.3
libjpeg-turbo-3.1.3
libjxl-0.11.2
libkcapi-1.5.0
libkcapi-hasher-1.5.0
libkcapi-hmaccalc-1.5.0
libkdegames-26.08.0
libkexiv2-qt6-26.08.0
libkiwix-14.1.1
libklvanc-1.6.0
libksba-1.6.7
liblastlog2-2.41.5
liblc3-1.1.3
liblc3plus-1.6.1
libldac-2.0.2.3
libldb-4.24.5
liblerc-4.0.0
liblouis-3.33.0
liblouis-tables-3.33.0
liblouisutdml-2.12.0
liblouisutdml-utils-2.12.0
liblqr-1-0.4.2
libmanette-0.2.13
libmaxminddb-1.13.3
libmbim-1.32.0
libmbim-utils-1.32.0
libmd-1.2.0
libmicrohttpd-1.0.10
libmikmod-3.3.13
libmng-2.0.3
libmnl-1.0.5
libmodplug-0.8.9.0
libmodulemd-2.15.3
libmount-2.41.5
libmpc-1.4.1
libmpeg2-0.5.1
libmspack-0.10.1
libmtp-1.1.22
libmysofa-1.3.3
libndp-1.9
libnet-1.3
libnetfilter_conntrack-1.1.1
libnfnetlink-1.0.1
libnfsidmap-2.8.7
libnftnl-1.3.1
libnghttp2-1.68.0
libnice-0.1.23
libnl3-3.12.0
libnma-1.10.6
libnma-common-1.10.6
libnma-gtk4-1.10.6
libnotify-0.8.8
libnsl2-2.0.1
libnvme-1.16.2
liboeffis-1.6.0
libogg-1.3.6
libopenjph-0.25.3
libopenmpt-0.8.7
libosinfo-1.12.0
libpaper-2.1.1
libpasswdqc-2.0.3
libpath_utils-0.2.1
libpcap-1.10.6
libpciaccess-0.16
libpfm-4.13.0
libphonenumber-8.13.55
libpinyin-2.11.91
libpinyin-data-2.11.91
libpipeline-1.5.8
libpkgconf-2.5.1
libplacebo-7.360.1
libplist-2.7.0
libpng-1.6.58
libportal-0.10.0
libportal-gtk4-0.10.0
libppd-2.1.1
libproxy-0.5.12
libpsl-0.21.5
libpwquality-1.4.5
libqmi-1.36.0
libqmi-utils-1.36.0
libqrtr-glib-1.2.2
librabbitmq-0.17.0
libraqm-0.10.1
libratbag-ratbagd-0.18
libraw1394-2.1.2
libref_array-0.1.5
librepo-1.20.0
libreport-filesystem-2.17.15
librist-0.2.11
librsvg2-2.62.3
librtmp-2.6^20240301git6f6bb13
libsamplerate-0.2.2
libsane-airscan-0.99.36
libsane-hpaio-3.26.4
libsbc-2.1
libseccomp-2.6.1
libsecret-0.21.7
libselinux-3.11
libselinux-utils-3.11
libsemanage-3.11
libsepol-3.11
libshaderc-2026.1
libshout-2.4.6
libsigc++30-3.8.1
libslirp-4.9.1
libsmartcols-2.41.5
libsmbclient-4.24.5
libsndfile-1.2.2
libsodium-1.0.22
libsolv-0.7.39
libsoup3-3.6.6
libsrtp-2.8.0
libss-1.47.3
libssh-0.12.2
libssh-config-0.12.2
libsss_certmap-2.13.1
libsss_idmap-2.13.1
libsss_nss_idmap-2.13.1
libsss_sudo-2.13.1
libstdc++-16.1.1
libstemmer-3.0.1
libswresample-8.1.2
libswscale-8.1.2
libtalloc-2.4.4
libtasn1-4.21.0
libtatsu-1.0.5
libtdb-1.4.15
libtevent-0.17.1
libtextstyle-0.26
libthai-0.1.30
libtheora-1.1.1
libtiff-4.7.2
libtinysparql-3.11.1
libtirpc-1.3.7
libtommath-1.3.1~rc1
libtool-ltdl-2.5.4
libtraceevent-1.8.4
libudfread-1.2.0
libudisks2-2.11.2
libultrahdr-1.4.0^20251202git8cbc983
libunibreak-6.1
libunistring-1.1
libunwind-1.8.3
liburing-2.13
libusb1-1.0.30
libusbmuxd-2.1.1
libutempter-1.2.1
libuuid-2.41.5
libuv-1.52.1
libv4l-1.32.0
libva-2.23.0
libva-intel-media-driver-26.2.4
libva-utils-2.23.0
libvdpau-1.5
libverto-0.3.2
libverto-libev-0.3.2
libvisual-0.4.2
libvmaf-3.0.0
libvorbis-1.3.7
libvpl-2.17.0
libvpx-1.15.0
libwacom-2.19.0
libwacom-data-2.19.0
libwayland-client-1.25.0
libwayland-cursor-1.25.0
libwayland-egl-1.25.0
libwayland-server-1.25.0
libwbclient-4.24.5
libwebp-1.6.0
libwmf-lite-0.2.13
libwnck3-43.3
libxavs-0.1.55~20110821svnr55
libxcb-1.17.0
libxcrypt-4.5.2
libxcvt-0.1.2
libxkbcommon-1.13.1
libxkbcommon-x11-1.13.1
libxkbfile-1.1.3
libxml2-2.12.10
libxmlb-0.3.29
libxshmfence-1.3.2
libxslt-1.1.43
libyaml-0.2.5
libyubikey-1.13
libyuv-0
libzim-9.4.1
libzip-1.11.4
libzstd-1.5.7
lilv-libs-0.26.4
linux-firmware-20260810
linux-firmware-whence-20260810
llvm-filesystem-22.1.8
llvm-libs-22.1.8
lm_sensors-libs-3.6.0
lmdb-libs-0.9.34
localsearch-3.11.1
lockdev-1.0.4
logrotate-3.22.0
lpcnetfreedv-0.5
lrzsz-0.12.20
lshw-B.02.20
lsof-4.98.0
lttng-ust-2.14.0
lua-libs-5.4.8
lvm2-2.03.38
lvm2-libs-2.03.38
lz4-libs-1.10.0
lzo-2.10
m17n-db-1.8.14
m17n-lib-1.8.6
madan-fonts-2.000
mailcap-2.1.54
malcontent-0.14.0
malcontent-control-0.14.0
malcontent-libs-0.14.0
malcontent-tools-0.14.0
malcontent-ui-libs-0.14.0
man-db-2.13.1
man-pages-6.13
mcelog-175
mdadm-4.3
media-player-info-23
memstrack-0.2.5
mesa-dri-drivers-26.1.4
mesa-filesystem-26.1.4
mesa-libEGL-26.1.4
mesa-libGL-26.1.4
mesa-libGLU-9.0.3
mesa-libgbm-26.1.4
mesa-vulkan-drivers-26.1.4
microcode_ctl-2.1
mkpasswd-5.6.6
mobile-broadband-provider-info-20240407
mokutil-0.7.2
mozilla-filesystem-1.9
mozjs140-140.13.0
mpage-2.5.7
mpdecimal-4.0.1
mpfr-4.2.2
mpg123-libs-1.32.10
msgraph-0.3.4
mt7xxx-firmware-20260810
mtdev-1.1.6
mtools-4.0.49
mtr-0.96
mutter-50.4
mutter-common-50.4
nano-8.7.1
nano-default-editor-8.7.1
nautilus-50.2.2
nautilus-extensions-50.2.2
ncurses-6.6
ncurses-base-6.6
ncurses-libs-6.6
net-snmp-libs-5.9.5.2
net-tools-2.0
netavark-1.17.2
nettle-3.10.1
nfs-client-utils-2.8.7
nfs-common-utils-2.8.7
nfs-utils-2.8.7
nfsv3-client-utils-2.8.7
nfsv4-client-utils-2.8.7
nftables-1.1.6
nftables-services-1.1.6
ngtcp2-1.22.1
ngtcp2-crypto-gnutls-1.22.1
ngtcp2-crypto-ossl-1.22.1
nilfs-utils-2.2.11
nm-connection-editor-1.36.0
noopenh264-2.6.0
npth-1.8
nspr-4.39.0
nss-3.126.0
nss-altfiles-2.23.0
nss-mdns-0.15.1
nss-softokn-3.126.0
nss-softokn-freebl-3.126.0
nss-sysinit-3.126.0
nss-util-3.126.0
ntfs-3g-2026.2.25
ntfs-3g-libs-2026.2.25
ntfs-3g-system-compression-1.1
ntfsprogs-2026.2.25
numactl-libs-2.0.19
nvidia-gpu-firmware-20260810
nvme-cli-2.16
nvtop-3.3.2
nxpwireless-firmware-20260810
oniguruma-6.9.10
open-sans-fonts-1.10
open-vm-tools-13.1.0
open-vm-tools-desktop-13.1.0
openal-soft-1.24.2
openapv-libs-0.2.1.2
opencore-amr-0.1.6
openexr-libs-3.2.4
openjpeg-2.5.4
openldap-2.6.13
openpace-1.1.3
openpgm-5.3.128
openrgb-udev-rules-1.0~rc2
opensc-0.27.1
opensc-libs-0.27.1
openssh-10.2p1
openssh-clients-10.2p1
openssh-server-10.2p1
openssl-3.5.7
openssl-libs-3.5.7
openxr-libs-1.1.62
opus-1.6
orc-0.4.41
orca-50.2
os-prober-1.81
osinfo-db-20251212
osinfo-db-tools-1.12.0
ostree-2026.3
ostree-libs-2026.3
oversteer-udev-0.0.git.415.7f6b3ad8
p11-kit-0.26.5
p11-kit-server-0.26.5
p11-kit-trust-0.26.5
paktype-naskh-basic-fonts-7.0
pam-1.7.2
pam-libs-1.7.2
pam-u2f-1.4.0
pam_afs_session-2.6
pam_passwdqc-2.0.3
pam_yubico-2.27
pamu2fcfg-1.4.0
pango-1.57.1
pangomm2.48-2.56.2
paps-0.8.0
passim-0.1.12
passim-libs-0.1.12
passt-0^20260728.gf8df3f1
passt-selinux-0^20260728.gf8df3f1
passwdqc-2.0.3
passwdqc-utils-2.0.3
pcaudiolib-1.1
pciutils-3.15.0
pciutils-libs-3.15.0
pcre2-10.47
pcre2-syntax-10.47
pcre2-utf16-10.47
pcre2-utf32-10.47
pcsc-lite-2.4.1
pcsc-lite-ccid-1.7.1
pcsc-lite-libs-2.4.1
physfs-3.2.0
pinentry-1.3.2
pinentry-gnome3-1.3.2
pinfo-0.6.13
pipewire-1.6.8
pipewire-alsa-1.6.8
pipewire-config-raop-1.6.8
pipewire-gstreamer-1.6.8
pipewire-jack-audio-connection-kit-1.6.8
pipewire-jack-audio-connection-kit-libs-1.6.8
pipewire-libs-1.6.8
pipewire-libs-extra-1.6.8
pipewire-plugin-libcamera-1.6.8
pipewire-pulseaudio-1.6.8
pipewire-utils-1.6.8
pixman-0.46.2
pkcs11-provider-1.1
pkgconf-2.5.1
pkgconf-m4-2.5.1
pkgconf-pkg-config-2.5.1
plasma-activities-6.7.4
plasma-activities-stats-6.7.4
plymouth-24.004.60
plymouth-core-libs-24.004.60
plymouth-graphics-libs-24.004.60
plymouth-plugin-label-24.004.60
plymouth-plugin-two-step-24.004.60
plymouth-scripts-24.004.60
plymouth-system-theme-24.004.60
plymouth-theme-spinner-24.004.60
podman-5.8.4
podman-sequoia-0.3.2
policycoreutils-3.11
policycoreutils-python-utils-3.11
polkit-127
polkit-libs-127
poly2tri-0.0^20130501hg26242d0aa7b8
poppler-26.01.0
poppler-cpp-26.01.0
poppler-data-0.4.11
poppler-glib-26.01.0
poppler-utils-26.01.0
popt-1.19
portaudio-19.7.0
powerstat-0.04.05
prefixdevname-0.2.0
printer-driver-brlaser-6.2.7
procps-ng-4.0.6
protobuf-3.19.6
protobuf-c-1.5.2
psmisc-23.7
ptouch-driver-1.7.1
ptyxis-50.1
publicsuffix-list-dafsa-20260116
pugixml-1.16
pulseaudio-libs-17.0
pulseaudio-libs-glib2-17.0
pulseaudio-utils-17.0
python-pip-wheel-26.0.1
python-unversioned-command-3.14.7
python3-3.14.7
python3-anyio-4.13.0
python3-argcomplete-3.6.3
python3-audit-4.2.1
python3-boto3-1.43.72
python3-botocore-1.43.72
python3-brlapi-0.8.7
python3-cairo-1.28.0
python3-certifi-2026.01.04
python3-cffi-2.0.0
python3-charset-normalizer-3.4.4
python3-click-8.3.3
python3-cryptography-49.0.0
python3-cups-2.0.4
python3-dasbus-1.7
python3-dateutil-2.9.0.post0
python3-dbus-1.4.0
python3-distro-1.9.0
python3-enchant-3.3.0
python3-evdev-1.9.3
python3-fido2-2.2.1
python3-file-magic-5.46
python3-firewall-2.4.4
python3-gobject-3.56.3
python3-gobject-base-3.56.3
python3-h11-0.16.0
python3-html2text-2025.4.15
python3-httpcore-1.0.9
python3-httpx-0.28.1
python3-ibus-1.5.34
python3-idna-3.18
python3-inotify-0.9.6
python3-jaraco-classes-3.4.0
python3-jaraco-context-6.1.0
python3-jaraco-functools-4.3.0
python3-jeepney-0.9.0
python3-jmespath-1.0.1
python3-keyring+completion-25.7.0
python3-keyring-25.7.0
python3-langtable-0.0.71
python3-libs-3.14.7
python3-libselinux-3.11
python3-libsemanage-3.11
python3-linux-procfs-0.7.4
python3-louis-3.33.0
python3-more-itertools-10.8.0
python3-nftables-1.1.6
python3-olefile-0.47
python3-packaging-25.0
python3-pam-2.0.2
python3-perf-7.1.9
python3-pexpect-4.9.0
python3-pillow-12.3.0
python3-policycoreutils-3.11
python3-pskc-1.4
python3-psutil-7.2.2
python3-ptyprocess-0.7.0
python3-pyatspi-2.58.2
python3-pyaudio-0.2.13
python3-pycparser-2.22
python3-pyscard-2.2.2
python3-pysocks-1.7.1
python3-pyudev-0.24.4
python3-pyxdg-0.28
python3-pyyaml-6.0.3
python3-rapidfuzz-3.14.3
python3-regex-2026.7.19
python3-requests-2.33.1
python3-s3transfer-0.19.1
python3-secretstorage-3.5.0
python3-setools-4.6.0
python3-shtab-1.7.2
python3-six-1.17.0
python3-speechd-0.12.1
python3-urllib3+socks-2.7.0
python3-urllib3-2.7.0
python3-yubikey-manager-5.9.2
qca-qt6-2.3.10
qca-qt6-ossl-2.3.10
qcom-wwan-firmware-20260810
qemu-guest-agent-10.2.2
qemu-user-static-aarch64-10.2.2
qpdf-libs-12.3.2
qrencode-libs-4.1.1
qt6-filesystem-6.11.1
qt6-qt5compat-6.11.1
qt6-qtbase-6.11.1
qt6-qtbase-common-6.11.1
qt6-qtbase-gui-6.11.1
qt6-qtdeclarative-6.11.1
qt6-qtgraphs-6.11.1
qt6-qtimageformats-6.11.1
qt6-qtmultimedia-6.11.1
qt6-qtquick3d-6.11.1
qt6-qtquicktimeline-6.11.1
qt6-qtsensors-6.11.1
qt6-qtshadertools-6.11.1
qt6-qtspeech-6.11.1
qt6-qtspeech-flite-6.11.1
qt6-qtspeech-speechd-6.11.1
qt6-qtsvg-6.11.1
qt6-qttranslations-6.11.1
qt6-qtwayland-6.11.1
qt6-qtwayland-adwaita-decoration-6.11.1
quota-4.11
quota-nls-4.11
rav1e-libs-0.8.1
rdma-core-common-61.0
readline-8.3
realmd-0.17.1
realtek-firmware-20260810
rest-0.10.2
rit-meera-new-fonts-1.6.2
rit-rachana-fonts-1.5.2
rootfiles-9.0
rpcbind-1.2.9
rpm-6.0.2
rpm-build-libs-6.0.2
rpm-libs-6.0.2
rpm-ostree-2026.2
rpm-ostree-libs-2026.2
rpm-plugin-audit-6.0.2
rpm-plugin-selinux-6.0.2
rpm-sequoia-1.10.2
rpm-sign-libs-6.0.2
rsync-3.4.4
rtkit-0.11
rubberband-libs-4.0.0
samba-client-4.24.5
samba-client-libs-4.24.5
samba-common-4.24.5
samba-core-libs-4.24.5
samba-ndr-libs-4.24.5
sane-airscan-0.99.36
sane-backends-1.4.0
sane-backends-drivers-cameras-1.4.0
sane-backends-drivers-scanners-1.4.0
sane-backends-libs-1.4.0
sdbus-cpp-2.2.1
sdl12-compat-1.2.74
sdl2-compat-2.32.70
sed-4.9
selinux-policy-44.6
selinux-policy-targeted-44.6
serd-0.32.8
setup-2.15.0
setxkbmap-1.3.4
sgml-common-0.6.3
shadow-utils-4.19.0
shadow-utils-subid-4.19.0
shared-mime-info-2.4
shim-ia32-16.1
shim-x64-16.1
sil-andika-fonts-6.101
sil-padauk-fonts-3.003
simdutf-7.2.1
sj-fonts-common-2.0.2
sj-stevehand-fonts-2.0.2
skopeo-1.22.2
slang-2.3.3
slirp4netns-1.3.1
smartmontools-7.5
smartmontools-selinux-7.5
snappy-1.2.2
solaar-udev-1.1.20
sord-0.16.22
sos-4.11.2
sound-theme-freedesktop-0.8
soundtouch-2.4.0
soxr-0.1.3
spandsp-0.0.6
speech-dispatcher-0.12.1
speech-dispatcher-espeak-ng-0.12.1
speech-dispatcher-libs-0.12.1
speech-dispatcher-utils-0.12.1
speex-1.2.0
spice-vdagent-0.23.0
spice-webdavd-3.0
spirv-tools-libs-2026.1
splix-2.0.1
sqlite-libs-3.51.2
squashfs-tools-4.6.1
sratom-0.6.22
srt-libs-1.5.6
sssd-client-2.13.1
sssd-common-2.13.1
sssd-kcm-2.13.1
sssd-krb5-common-2.13.1
sssd-nfs-idmap-2.13.1
startup-notification-0.12
stix-fonts-2.13b171
sudo-1.9.17
sudo-python-plugin-1.9.17
supertux-0.6.3
svt-av1-libs-3.1.2
svt-vp9-libs-0.3.0
switcheroo-control-3.0
symlinks-1.7
system-config-printer-libs-1.5.18
system-config-printer-udev-1.5.18
systemd-259.8
systemd-container-259.8
systemd-libs-259.8
systemd-networkd-259.8
systemd-oomd-defaults-259.8
systemd-pam-259.8
systemd-resolved-259.8
systemd-shared-259.8
systemd-sysusers-259.8
systemd-udev-259.8
t4k_common-0.1.1
taglib-2.3
tar-1.35
tcl-9.0.2
tcpdump-4.99.6
tecla-50.0
tesseract-common-5.5.3
tesseract-langpack-eng-4.1.0
tesseract-libs-5.5.3
tesseract-tessdata-doc-4.1.0
thermald-2.5.12
time-1.9
tinysparql-3.11.1
tiwilink-firmware-20260810
tmux-3.7b
toolbox-0.3
totem-pl-parser-3.26.7
tpm2-tools-5.7
tpm2-tss-4.1.3
tpm2-tss-fapi-4.1.3
traceroute-2.1.6
tree-2.2.1
tslib-1.24
tuned-2.27.0
tuned-ppd-2.27.0
tuxmath-2.0.3
tuxpaint-0.9.35
tuxpaint-stamps-2020.05.29
twolame-libs-0.4.0
tzdata-2026c
uavs3d-libs-1.2.0~20251213git0e20d2c
ublue-os-akmods-addons-0.8
ublue-os-just-0.57
ublue-os-luks-0.3
ublue-os-signing-0.5
ublue-os-udev-rules-0.10
ublue-os-update-services-0.91
uchardet-0.0.8
udftools-2.3
udisks2-2.11.2
unbound-anchor-1.26.0
unbound-libs-1.26.0
unicode-ucd-17.0.0
unzip-6.0
upower-1.91.3
upower-libs-1.91.3
uresourced-0.5.4
urw-base35-bookman-fonts-20200910
urw-base35-c059-fonts-20200910
urw-base35-d050000l-fonts-20200910
urw-base35-fonts-20200910
urw-base35-fonts-common-20200910
urw-base35-gothic-fonts-20200910
urw-base35-nimbus-mono-ps-fonts-20200910
urw-base35-nimbus-roman-fonts-20200910
urw-base35-nimbus-sans-fonts-20200910
urw-base35-p052-fonts-20200910
urw-base35-standard-symbols-ps-fonts-20200910
urw-base35-z003-fonts-20200910
usb_modeswitch-2.6.2
usb_modeswitch-data-20191128
usbmuxd-1.1.1^20251205git3ded00c
usbutils-019
userspace-rcu-0.15.6
util-linux-2.41.5
util-linux-core-2.41.5
uvg266-libs-0.8.1
vazirmatn-vf-fonts-33.003
vid.stab-1.1.1
vim-common-9.2.920
vim-data-9.2.920
vim-enhanced-9.2.920
vim-filesystem-9.2.920
vim-minimal-9.2.920
virt-what-1.27
virtualbox-guest-additions-7.2.14
vo-amrwbenc-0.1.3
volume_key-libs-0.3.12
vte-profile-0.84.1
vte291-0.84.1
vte291-gtk4-0.84.1
vulkan-loader-1.4.341.0
vvdec-libs-3.2.0
vvenc-libs-1.14.0
wavpack-5.9.0
webkit2gtk4.1-2.52.5
webkitgtk6.0-2.52.5
webrtc-audio-processing-2.1
wget2-2.2.1
wget2-libs-2.2.1
wget2-wget-2.2.1
which-2.25
whois-5.6.6
whois-nls-5.6.6
wireguard-tools-1.0.20260223
wireless-regdb-2026.05.30
wireplumber-0.5.14
wireplumber-libs-0.5.14
wl-clipboard-2.2.1^git20251124.e808203
words-3.0
wpa_supplicant-2.11
wsdd-0.8
x264-libs-0.165
x265-libs-4.2
xapian-core-libs-1.4.30
xavs2-libs-1.4
xcb-util-0.4.1
xcb-util-cursor-0.1.6
xcb-util-image-0.4.1
xcb-util-keysyms-0.4.1
xcb-util-renderutil-0.3.10
xcb-util-wm-0.4.2
xdg-dbus-proxy-0.1.8
xdg-desktop-portal-1.22.1
xdg-desktop-portal-gnome-50.0
xdg-desktop-portal-gtk-1.15.3
xdg-user-dirs-0.18
xdg-user-dirs-gtk-0.16
xdg-utils-1.2.1
xdriinfo-1.0.7
xevd-libs-0.7.0
xeve-libs-0.7.0
xfsprogs-7.1.1
xhost-1.0.9
xkbcomp-1.5.0
xkeyboard-config-2.47
xml-common-0.6.3
xmlsec1-1.2.41
xmlsec1-openssl-1.2.41
xmodmap-1.0.11
xorg-x11-server-Xwayland-24.1.13
xorg-x11-xauth-1.1.5
xorg-x11-xinit-1.4.3
xprop-1.2.8
xrdb-1.2.2
xvidcore-1.3.7
xxd-9.2.920
xxhash-libs-0.8.3
xz-5.8.2
xz-libs-5.8.2
ykclient-2.15
ykpers-1.20.0
yubikey-manager-5.9.2
zchunk-libs-1.5.4
zeromq-4.3.5
zimg-3.0.6
zip-3.0
zix-0.8.0
zlib-ng-compat-2.3.3
zram-generator-1.2.1
zram-generator-defaults-1.2.1
zstd-1.5.7
zvbi-0.2.44
